# This file is automatically @generated by Wally.
# It is not intended for manual editing.
registry = "test"

[[package]]
name = "alicesaidhi/jabby"
version = "0.2.0-rc.5"
dependencies = [["jecs", "ukendio/jecs@0.4.0"], ["pebble", "alicesaidhi/pebble@0.1.0-rc.9"], ["t", "corecii/greentea@0.4.11"], ["vide", "centau/vide@0.3.1"]]

[[package]]
name = "alicesaidhi/pebble"
version = "0.1.0-rc.9"
dependencies = [["vide", "centau/vide@0.3.1"]]

[[package]]
name = "busycityguy/stateq"
version = "0.0.6"
dependencies = [["t", "osyrisrblx/t@3.1.1"]]

[[package]]
name = "cadentran/chainsaw"
version = "0.1.0"
dependencies = [["cmdr", "evaera/cmdr@1.12.0"], ["jabby", "alicesaidhi/jabby@0.2.0-rc.5"], ["jecs", "ukendio/jecs@0.4.0"], ["matter", "matter-ecs/matter@0.8.5"], ["matter-hooks", "yetanotherclown/planck-matter-hooks@0.1.0-rc.1"], ["planck", "yetanotherclown/planck@0.1.0-rc.2"], ["planck-jabby", "yetanotherclown/planck-jabby@0.1.0-rc.2"], ["spark", "nezuo/spark@0.2.2"], ["stateq", "busycityguy/stateq@0.0.6"], ["vide", "centau/vide@0.3.1"]]

[[package]]
name = "centau/vide"
version = "0.3.1"
dependencies = []

[[package]]
name = "corecii/greentea"
version = "0.4.11"
dependencies = []

[[package]]
name = "evaera/cmdr"
version = "1.12.0"
dependencies = []

[[package]]
name = "evaera/promise"
version = "4.0.0"
dependencies = []

[[package]]
name = "matter-ecs/matter"
version = "0.8.5"
dependencies = []

[[package]]
name = "nezuo/spark"
version = "0.2.2"
dependencies = [["Promise", "evaera/promise@4.0.0"]]

[[package]]
name = "osyrisrblx/t"
version = "3.1.1"
dependencies = []

[[package]]
name = "ukendio/jecs"
version = "0.4.0"
dependencies = []

[[package]]
name = "yetanotherclown/planck"
version = "0.1.0-rc.2"
dependencies = []

[[package]]
name = "yetanotherclown/planck-jabby"
version = "0.1.0-rc.2"
dependencies = [["Jabby", "alicesaidhi/jabby@0.2.0-rc.5"]]

[[package]]
name = "yetanotherclown/planck-matter-hooks"
version = "0.1.0-rc.1"
dependencies = []
